
Microsoft Visual Studio Solution File, Format Version 12.00
# Visual Studio Version 16
VisualStudioVersion = 16.0.33130.400
MinimumVisualStudioVersion = 10.0.40219.1
Project("{FAE04EC0-301F-11D3-BF4B-00C04F79EFBC}") = "APIScheduler", "APIScheduler\APIScheduler.csproj", "{79C4E2EE-F92B-4CD4-85D4-5830114954E8}"
EndProject
Global
	GlobalSection(SolutionConfigurationPlatforms) = preSolution
		Debug|Any CPU = Debug|Any CPU
		Release|Any CPU = Release|Any CPU
	EndGlobalSection
	GlobalSection(ProjectConfigurationPlatforms) = postSolution
		{79C4E2EE-F92B-4CD4-85D4-5830114954E8}.Debug|Any CPU.ActiveCfg = Debug|Any CPU
		{79C4E2EE-F92B-4CD4-85D4-5830114954E8}.Debug|Any CPU.Build.0 = Debug|Any CPU
		{79C4E2EE-F92B-4CD4-85D4-5830114954E8}.Release|Any CPU.ActiveCfg = Release|Any CPU
		{79C4E2EE-F92B-4CD4-85D4-5830114954E8}.Release|Any CPU.Build.0 = Release|Any CPU
	EndGlobalSection
	GlobalSection(SolutionProperties) = preSolution
		HideSolutionNode = FALSE
	EndGlobalSection
	GlobalSection(ExtensibilityGlobals) = postSolution
		SolutionGuid = {288ED87B-23D8-4C0D-B159-F5B1F9C3F535}
	EndGlobalSection
EndGlobal
